
Microsoft Visual Studio Solution File, Format Version 12.00
# Visual Studio 2012
Project("{FAE04EC0-301F-11D3-BF4B-00C04F79EFBC}") = "TestCoreWebAPI", "TestCoreWebAPI\TestCoreWebAPI.csproj", "{5CFAADB1-D5CC-409A-B609-1E622F82A0A8}"
EndProject
Global
	GlobalSection(SolutionConfigurationPlatforms) = preSolution
		Debug|Any CPU = Debug|Any CPU
		Release|Any CPU = Release|Any CPU
	EndGlobalSection
	GlobalSection(ProjectConfigurationPlatforms) = postSolution
		{5CFAADB1-D5CC-409A-B609-1E622F82A0A8}.Debug|Any CPU.ActiveCfg = Debug|Any CPU
		{5CFAADB1-D5CC-409A-B609-1E622F82A0A8}.Debug|Any CPU.Build.0 = Debug|Any CPU
		{5CFAADB1-D5CC-409A-B609-1E622F82A0A8}.Release|Any CPU.ActiveCfg = Release|Any CPU
		{5CFAADB1-D5CC-409A-B609-1E622F82A0A8}.Release|Any CPU.Build.0 = Release|Any CPU
	EndGlobalSection
EndGlobal
